
Microsoft Visual Studio Solution File, Format Version 12.00
# Visual Studio Version 17
VisualStudioVersion = 17.8.34525.116
MinimumVisualStudioVersion = 10.0.40219.1
Project("{FAE04EC0-301F-11D3-BF4B-00C04F79EFBC}") = "semana_13", "semana_13.csproj", "{EA2A9759-CDE8-4488-A0C1-AE190E1A05A2}"
EndProject
Global
	GlobalSection(SolutionConfigurationPlatforms) = preSolution
		Debug|Any CPU = Debug|Any CPU
		Release|Any CPU = Release|Any CPU
	EndGlobalSection
	GlobalSection(ProjectConfigurationPlatforms) = postSolution
		{EA2A9759-CDE8-4488-A0C1-AE190E1A05A2}.Debug|Any CPU.ActiveCfg = Debug|Any CPU
		{EA2A9759-CDE8-4488-A0C1-AE190E1A05A2}.Debug|Any CPU.Build.0 = Debug|Any CPU
		{EA2A9759-CDE8-4488-A0C1-AE190E1A05A2}.Release|Any CPU.ActiveCfg = Release|Any CPU
		{EA2A9759-CDE8-4488-A0C1-AE190E1A05A2}.Release|Any CPU.Build.0 = Release|Any CPU
	EndGlobalSection
	GlobalSection(SolutionProperties) = preSolution
		HideSolutionNode = FALSE
	EndGlobalSection
	GlobalSection(ExtensibilityGlobals) = postSolution
		SolutionGuid = {97376B80-4E77-43F8-A4F5-DE601F53F9D4}
	EndGlobalSection
EndGlobal
